
Microsoft Visual Studio Solution File, Format Version 12.00
Project("{2150E333-8FDC-42A3-9474-1A3956D46DE8}") = "src", "src", "{827E0CD3-B72D-47B6-A68D-7590B98EB39B}"
EndProject
Project("{FAE04EC0-301F-11D3-BF4B-00C04F79EFBC}") = "FinTechAPI.Domain", "src\FinTechAPI.Domain\FinTechAPI.Domain.csproj", "{48A9D7FE-E902-45D8-BFD6-DAA29E681D2D}"
EndProject
Project("{FAE04EC0-301F-11D3-BF4B-00C04F79EFBC}") = "FinTechAPI.Application", "src\FinTechAPI.Application\FinTechAPI.Application.csproj", "{42B0ED5A-7465-4E09-8324-9DDD3F2428C7}"
EndProject
Project("{FAE04EC0-301F-11D3-BF4B-00C04F79EFBC}") = "FinTechAPI.Infrastructure", "src\FinTechAPI.Infrastructure\FinTechAPI.Infrastructure.csproj", "{06709E4F-A279-4EE1-BA82-406F5A7049F7}"
EndProject
Project("{FAE04EC0-301F-11D3-BF4B-00C04F79EFBC}") = "FinTechAPI.API", "src\FinTechAPI.API\FinTechAPI.API.csproj", "{A4890B08-6974-49D8-A643-2DADF4A1AB5E}"
EndProject
Project("{2150E333-8FDC-42A3-9474-1A3956D46DE8}") = "tests", "tests", "{0AB3BF05-4346-4AA6-1389-037BE0695223}"
EndProject
Project("{FAE04EC0-301F-11D3-BF4B-00C04F79EFBC}") = "FinTechAPI.Tests", "tests\FinTechAPI.Tests\FinTechAPI.Tests.csproj", "{C8015A5F-47D4-4645-996A-C7866BF7A52D}"
EndProject
Global
	GlobalSection(SolutionConfigurationPlatforms) = preSolution
		Debug|Any CPU = Debug|Any CPU
		Debug|x64 = Debug|x64
		Debug|x86 = Debug|x86
		Release|Any CPU = Release|Any CPU
		Release|x64 = Release|x64
		Release|x86 = Release|x86
	EndGlobalSection
	GlobalSection(ProjectConfigurationPlatforms) = postSolution
		{48A9D7FE-E902-45D8-BFD6-DAA29E681D2D}.Debug|Any CPU.ActiveCfg = Debug|Any CPU
		{48A9D7FE-E902-45D8-BFD6-DAA29E681D2D}.Debug|Any CPU.Build.0 = Debug|Any CPU
		{48A9D7FE-E902-45D8-BFD6-DAA29E681D2D}.Debug|x64.ActiveCfg = Debug|Any CPU
		{48A9D7FE-E902-45D8-BFD6-DAA29E681D2D}.Debug|x64.Build.0 = Debug|Any CPU
		{48A9D7FE-E902-45D8-BFD6-DAA29E681D2D}.Debug|x86.ActiveCfg = Debug|Any CPU
		{48A9D7FE-E902-45D8-BFD6-DAA29E681D2D}.Debug|x86.Build.0 = Debug|Any CPU
		{48A9D7FE-E902-45D8-BFD6-DAA29E681D2D}.Release|Any CPU.ActiveCfg = Release|Any CPU
		{48A9D7FE-E902-45D8-BFD6-DAA29E681D2D}.Release|Any CPU.Build.0 = Release|Any CPU
		{48A9D7FE-E902-45D8-BFD6-DAA29E681D2D}.Release|x64.ActiveCfg = Release|Any CPU
		{48A9D7FE-E902-45D8-BFD6-DAA29E681D2D}.Release|x64.Build.0 = Release|Any CPU
		{48A9D7FE-E902-45D8-BFD6-DAA29E681D2D}.Release|x86.ActiveCfg = Release|Any CPU
		{48A9D7FE-E902-45D8-BFD6-DAA29E681D2D}.Release|x86.Build.0 = Release|Any CPU
		{42B0ED5A-7465-4E09-8324-9DDD3F2428C7}.Debug|Any CPU.ActiveCfg = Debug|Any CPU
		{42B0ED5A-7465-4E09-8324-9DDD3F2428C7}.Debug|Any CPU.Build.0 = Debug|Any CPU
		{42B0ED5A-7465-4E09-8324-9DDD3F2428C7}.Debug|x64.ActiveCfg = Debug|Any CPU
		{42B0ED5A-7465-4E09-8324-9DDD3F2428C7}.Debug|x64.Build.0 = Debug|Any CPU
		{42B0ED5A-7465-4E09-8324-9DDD3F2428C7}.Debug|x86.ActiveCfg = Debug|Any CPU
		{42B0ED5A-7465-4E09-8324-9DDD3F2428C7}.Debug|x86.Build.0 = Debug|Any CPU
		{42B0ED5A-7465-4E09-8324-9DDD3F2428C7}.Release|Any CPU.ActiveCfg = Release|Any CPU
		{42B0ED5A-7465-4E09-8324-9DDD3F2428C7}.Release|Any CPU.Build.0 = Release|Any CPU
		{42B0ED5A-7465-4E09-8324-9DDD3F2428C7}.Release|x64.ActiveCfg = Release|Any CPU
		{42B0ED5A-7465-4E09-8324-9DDD3F2428C7}.Release|x64.Build.0 = Release|Any CPU
		{42B0ED5A-7465-4E09-8324-9DDD3F2428C7}.Release|x86.ActiveCfg = Release|Any CPU
		{42B0ED5A-7465-4E09-8324-9DDD3F2428C7}.Release|x86.Build.0 = Release|Any CPU
		{06709E4F-A279-4EE1-BA82-406F5A7049F7}.Debug|Any CPU.ActiveCfg = Debug|Any CPU
		{06709E4F-A279-4EE1-BA82-406F5A7049F7}.Debug|Any CPU.Build.0 = Debug|Any CPU
		{06709E4F-A279-4EE1-BA82-406F5A7049F7}.Debug|x64.ActiveCfg = Debug|Any CPU
		{06709E4F-A279-4EE1-BA82-406F5A7049F7}.Debug|x64.Build.0 = Debug|Any CPU
		{06709E4F-A279-4EE1-BA82-406F5A7049F7}.Debug|x86.ActiveCfg = Debug|Any CPU
		{06709E4F-A279-4EE1-BA82-406F5A7049F7}.Debug|x86.Build.0 = Debug|Any CPU
		{06709E4F-A279-4EE1-BA82-406F5A7049F7}.Release|Any CPU.ActiveCfg = Release|Any CPU
		{06709E4F-A279-4EE1-BA82-406F5A7049F7}.Release|Any CPU.Build.0 = Release|Any CPU
		{06709E4F-A279-4EE1-BA82-406F5A7049F7}.Release|x64.ActiveCfg = Release|Any CPU
		{06709E4F-A279-4EE1-BA82-406F5A7049F7}.Release|x64.Build.0 = Release|Any CPU
		{06709E4F-A279-4EE1-BA82-406F5A7049F7}.Release|x86.ActiveCfg = Release|Any CPU
		{06709E4F-A279-4EE1-BA82-406F5A7049F7}.Release|x86.Build.0 = Release|Any CPU
		{A4890B08-6974-49D8-A643-2DADF4A1AB5E}.Debug|Any CPU.ActiveCfg = Debug|Any CPU
		{A4890B08-6974-49D8-A643-2DADF4A1AB5E}.Debug|Any CPU.Build.0 = Debug|Any CPU
		{A4890B08-6974-49D8-A643-2DADF4A1AB5E}.Debug|x64.ActiveCfg = Debug|Any CPU
		{A4890B08-6974-49D8-A643-2DADF4A1AB5E}.Debug|x64.Build.0 = Debug|Any CPU
		{A4890B08-6974-49D8-A643-2DADF4A1AB5E}.Debug|x86.ActiveCfg = Debug|Any CPU
		{A4890B08-6974-49D8-A643-2DADF4A1AB5E}.Debug|x86.Build.0 = Debug|Any CPU
		{A4890B08-6974-49D8-A643-2DADF4A1AB5E}.Release|Any CPU.ActiveCfg = Release|Any CPU
		{A4890B08-6974-49D8-A643-2DADF4A1AB5E}.Release|Any CPU.Build.0 = Release|Any CPU
		{A4890B08-6974-49D8-A643-2DADF4A1AB5E}.Release|x64.ActiveCfg = Release|Any CPU
		{A4890B08-6974-49D8-A643-2DADF4A1AB5E}.Release|x64.Build.0 = Release|Any CPU
		{A4890B08-6974-49D8-A643-2DADF4A1AB5E}.Release|x86.ActiveCfg = Release|Any CPU
		{A4890B08-6974-49D8-A643-2DADF4A1AB5E}.Release|x86.Build.0 = Release|Any CPU
		{C8015A5F-47D4-4645-996A-C7866BF7A52D}.Debug|Any CPU.ActiveCfg = Debug|Any CPU
		{C8015A5F-47D4-4645-996A-C7866BF7A52D}.Debug|Any CPU.Build.0 = Debug|Any CPU
		{C8015A5F-47D4-4645-996A-C7866BF7A52D}.Debug|x64.ActiveCfg = Debug|Any CPU
		{C8015A5F-47D4-4645-996A-C7866BF7A52D}.Debug|x64.Build.0 = Debug|Any CPU
		{C8015A5F-47D4-4645-996A-C7866BF7A52D}.Debug|x86.ActiveCfg = Debug|Any CPU
		{C8015A5F-47D4-4645-996A-C7866BF7A52D}.Debug|x86.Build.0 = Debug|Any CPU
		{C8015A5F-47D4-4645-996A-C7866BF7A52D}.Release|Any CPU.ActiveCfg = Release|Any CPU
		{C8015A5F-47D4-4645-996A-C7866BF7A52D}.Release|Any CPU.Build.0 = Release|Any CPU
		{C8015A5F-47D4-4645-996A-C7866BF7A52D}.Release|x64.ActiveCfg = Release|Any CPU
		{C8015A5F-47D4-4645-996A-C7866BF7A52D}.Release|x64.Build.0 = Release|Any CPU
		{C8015A5F-47D4-4645-996A-C7866BF7A52D}.Release|x86.ActiveCfg = Release|Any CPU
		{C8015A5F-47D4-4645-996A-C7866BF7A52D}.Release|x86.Build.0 = Release|Any CPU
	EndGlobalSection
	GlobalSection(SolutionProperties) = preSolution
		HideSolutionNode = FALSE
	EndGlobalSection
	GlobalSection(NestedProjects) = preSolution
		{48A9D7FE-E902-45D8-BFD6-DAA29E681D2D} = {827E0CD3-B72D-47B6-A68D-7590B98EB39B}
		{42B0ED5A-7465-4E09-8324-9DDD3F2428C7} = {827E0CD3-B72D-47B6-A68D-7590B98EB39B}
		{06709E4F-A279-4EE1-BA82-406F5A7049F7} = {827E0CD3-B72D-47B6-A68D-7590B98EB39B}
		{A4890B08-6974-49D8-A643-2DADF4A1AB5E} = {827E0CD3-B72D-47B6-A68D-7590B98EB39B}
		{C8015A5F-47D4-4645-996A-C7866BF7A52D} = {0AB3BF05-4346-4AA6-1389-037BE0695223}
	EndGlobalSection
EndGlobal
